{
  "version": "3",
  "packages": {
    "specifiers": {
      "jsr:@henrygd/queue@^1.0.7": "jsr:@henrygd/queue@1.0.7",
      "jsr:@std/async@^0.224.0": "jsr:@std/async@0.224.2",
      "jsr:@std/crypto": "jsr:@std/crypto@1.0.3",
      "npm:postgres@3.4.5": "npm:postgres@3.4.5"
    },
    "jsr": {
      "@henrygd/queue@1.0.7": {
        "integrity": "98cade132744bb420957c5413393f76eb8ba7261826f026c8a89a562b8fa2961"
      },
      "@std/async@0.224.2": {
        "integrity": "4d277d6e165df43d5e061ba0ef3edfddb8e8d558f5b920e3e6b1d2614b44d074"
      },
      "@std/crypto@1.0.3": {
        "integrity": "a2a32f51ddef632d299e3879cd027c630dcd4d1d9a5285d6e6788072f4e51e7f"
      }
    },
    "npm": {
      "postgres@3.4.5": {
        "integrity": "sha512-cDWgoah1Gez9rN3H4165peY9qfpEo+SA61oQv65O3cRUE1pOEoJWwddwcqKE8XZYjbblOJlYDlLV4h67HrEVDg==",
        "dependencies": {}
      }
    }
  },
  "remote": {},
  "workspace": {
    "dependencies": [
      "jsr:@henrygd/queue@^1.0.7",
      "jsr:@std/assert@^0.224.0",
      "jsr:@std/async@^0.224.0",
      "jsr:@std/log@^0.224.13",
      "npm:postgres@3.4.5"
    ]
  }
}
